// !$*UTF8*$!
{
	archiveVersion = 1;
	classes = {
	};
	objectVersion = 46;
	objects = {

/* Begin PBXBuildFile section */
		DABCB3531625B87500B3070D /* UIKit.framework in Frameworks */ = {isa = PBXBuildFile; fileRef = DABCB3521625B87500B3070D /* UIKit.framework */; };
		DABCB3551625B87500B3070D /* Foundation.framework in Frameworks */ = {isa = PBXBuildFile; fileRef = DABCB3541625B87500B3070D /* Foundation.framework */; };
		DABCB3571625B87500B3070D /* CoreGraphics.framework in Frameworks */ = {isa = PBXBuildFile; fileRef = DABCB3561625B87500B3070D /* CoreGraphics.framework */; };
		DABCB35D1625B87500B3070D /* InfoPlist.strings in Resources */ = {isa = PBXBuildFile; fileRef = DABCB35B1625B87500B3070D /* InfoPlist.strings */; };
		DABCB35F1625B87500B3070D /* main.m in Sources */ = {isa = PBXBuildFile; fileRef = DABCB35E1625B87500B3070D /* main.m */; };
		DABCB3631625B87500B3070D /* AppDelegate.m in Sources */ = {isa = PBXBuildFile; fileRef = DABCB3621625B87500B3070D /* AppDelegate.m */; };
		DABCB3651625B87500B3070D /* Default.png in Resources */ = {isa = PBXBuildFile; fileRef = DABCB3641625B87500B3070D /* Default.png */; };
		DABCB3671625B87500B3070D /* Default@2x.png in Resources */ = {isa = PBXBuildFile; fileRef = DABCB3661625B87500B3070D /* Default@2x.png */; };
		DABCB3691625B87500B3070D /* Default-568h@2x.png in Resources */ = {isa = PBXBuildFile; fileRef = DABCB3681625B87500B3070D /* Default-568h@2x.png */; };
		DABCB36C1625B87500B3070D /* MainStoryboard.storyboard in Resources */ = {isa = PBXBuildFile; fileRef = DABCB36A1625B87500B3070D /* MainStoryboard.storyboard */; };
		DABCB36F1625B87500B3070D /* ViewController.m in Sources */ = {isa = PBXBuildFile; fileRef = DABCB36E1625B87500B3070D /* ViewController.m */; };
/* End PBXBuildFile section */

/* Begin PBXFileReference section */
		DABCB34E1625B87500B3070D /* ShoppingApp.app */ = {isa = PBXFileReference; explicitFileType = wrapper.application; includeInIndex = 0; path = ShoppingApp.app; sourceTree = BUILT_PRODUCTS_DIR; };
		DABCB3521625B87500B3070D /* UIKit.framework */ = {isa = PBXFileReference; lastKnownFileType = wrapper.framework; name = UIKit.framework; path = System/Library/Frameworks/UIKit.framework; sourceTree = SDKROOT; };
		DABCB3541625B87500B3070D /* Foundation.framework */ = {isa = PBXFileReference; lastKnownFileType = wrapper.framework; name = Foundation.framework; path = System/Library/Frameworks/Foundation.framework; sourceTree = SDKROOT; };
		DABCB3561625B87500B3070D /* CoreGraphics.framework */ = {isa = PBXFileReference; lastKnownFileType = wrapper.framework; name = CoreGraphics.framework; path = System/Library/Frameworks/CoreGraphics.framework; sourceTree = SDKROOT; };
		DABCB35A1625B87500B3070D /* ShoppingApp-Info.plist */ = {isa = PBXFileReference; lastKnownFileType = text.plist.xml; path = "ShoppingApp-Info.plist"; sourceTree = "<group>"; };
		DABCB35C1625B87500B3070D /* en */ = {isa = PBXFileReference; lastKnownFileType = text.plist.strings; name = en; path = en.lproj/InfoPlist.strings; sourceTree = "<group>"; };
		DABCB35E1625B87500B3070D /* main.m */ = {isa = PBXFileReference; lastKnownFileType = sourcecode.c.objc; path = main.m; sourceTree = "<group>"; };
		DABCB3601625B87500B3070D /* ShoppingApp-Prefix.pch */ = {isa = PBXFileReference; lastKnownFileType = sourcecode.c.h; path = "ShoppingApp-Prefix.pch"; sourceTree = "<group>"; };
		DABCB3611625B87500B3070D /* AppDelegate.h */ = {isa = PBXFileReference; lastKnownFileType = sourcecode.c.h; path = AppDelegate.h; sourceTree = "<group>"; };
		DABCB3621625B87500B3070D /* AppDelegate.m */ = {isa = PBXFileReference; lastKnownFileType = sourcecode.c.objc; path = AppDelegate.m; sourceTree = "<group>"; };
		DABCB3641625B87500B3070D /* Default.png */ = {isa = PBXFileReference; lastKnownFileType = image.png; path = Default.png; sourceTree = "<group>"; };
		DABCB3661625B87500B3070D /* Default@2x.png */ = {isa = PBXFileReference; lastKnownFileType = image.png; path = "Default@2x.png"; sourceTree = "<group>"; };
		DABCB3681625B87500B3070D /* Default-568h@2x.png */ = {isa = PBXFileReference; lastKnownFileType = image.png; path = "Default-568h@2x.png"; sourceTree = "<group>"; };
		DABCB36B1625B87500B3070D /* en */ = {isa = PBXFileReference; lastKnownFileType = file.storyboard; name = en; path = en.lproj/MainStoryboard.storyboard; sourceTree = "<group>"; };
		DABCB36D1625B87500B3070D /* ViewController.h */ = {isa = PBXFileReference; lastKnownFileType = sourcecode.c.h; path = ViewController.h; sourceTree = "<group>"; };
		DABCB36E1625B87500B3070D /* ViewController.m */ = {isa = PBXFileReference; lastKnownFileType = sourcecode.c.objc; path = ViewController.m; sourceTree = "<group>"; };
/* End PBXFileReference section */

/* Begin PBXFrameworksBuildPhase section */
		DABCB34B1625B87500B3070D /* Frameworks */ = {
			isa = PBXFrameworksBuildPhase;
			buildActionMask = 2147483647;
			files = (
				DABCB3531625B87500B3070D /* UIKit.framework in Frameworks */,
				DABCB3551625B87500B3070D /* Foundation.framework in Frameworks */,
				DABCB3571625B87500B3070D /* CoreGraphics.framework in Frameworks */,
			);
			runOnlyForDeploymentPostprocessing = 0;
		};
/* End PBXFrameworksBuildPhase section */

/* Begin PBXGroup section */
		DABCB3431625B87500B3070D = {
			isa = PBXGroup;
			children = (
				DABCB3581625B87500B3070D /* ShoppingApp */,
				DABCB3511625B87500B3070D /* Frameworks */,
				DABCB34F1625B87500B3070D /* Products */,
			);
			sourceTree = "<group>";
		};
		DABCB34F1625B87500B3070D /* Products */ = {
			isa = PBXGroup;
			children = (
				DABCB34E1625B87500B3070D /* ShoppingApp.app */,
			);
			name = Products;
			sourceTree = "<group>";
		};
		DABCB3511625B87500B3070D /* Frameworks */ = {
			isa = PBXGroup;
			children = (
				DABCB3521625B87500B3070D /* UIKit.framework */,
				DABCB3541625B87500B3070D /* Foundation.framework */,
				DABCB3561625B87500B3070D /* CoreGraphics.framework */,
			);
			name = Frameworks;
			sourceTree = "<group>";
		};
		DABCB3581625B87500B3070D /* ShoppingApp */ = {
			isa = PBXGroup;
			children = (
				DABCB3611625B87500B3070D /* AppDelegate.h */,
				DABCB3621625B87500B3070D /* AppDelegate.m */,
				DABCB36A1625B87500B3070D /* MainStoryboard.storyboard */,
				DABCB36D1625B87500B3070D /* ViewController.h */,
				DABCB36E1625B87500B3070D /* ViewController.m */,
				DABCB3591625B87500B3070D /* Supporting Files */,
			);
			path = ShoppingApp;
			sourceTree = "<group>";
		};
		DABCB3591625B87500B3070D /* Supporting Files */ = {
			isa = PBXGroup;
			children = (
				DABCB35A1625B87500B3070D /* ShoppingApp-Info.plist */,
				DABCB35B1625B87500B3070D /* InfoPlist.strings */,
				DABCB35E1625B87500B3070D /* main.m */,
				DABCB3601625B87500B3070D /* ShoppingApp-Prefix.pch */,
				DABCB3641625B87500B3070D /* Default.png */,
				DABCB3661625B87500B3070D /* Default@2x.png */,
				DABCB3681625B87500B3070D /* Default-568h@2x.png */,
			);
			name = "Supporting Files";
			sourceTree = "<group>";
		};
/* End PBXGroup section */

/* Begin PBXNativeTarget section */
		DABCB34D1625B87500B3070D /* ShoppingApp */ = {
			isa = PBXNativeTarget;
			buildConfigurationList = DABCB3721625B87500B3070D /* Build configuration list for PBXNativeTarget "ShoppingApp" */;
			buildPhases = (
				DABCB34A1625B87500B3070D /* Sources */,
				DABCB34B1625B87500B3070D /* Frameworks */,
				DABCB34C1625B87500B3070D /* Resources */,
			);
			buildRules = (
			);
			dependencies = (
			);
			name = ShoppingApp;
			productName = ShoppingApp;
			productReference = DABCB34E1625B87500B3070D /* ShoppingApp.app */;
			productType = "com.apple.product-type.application";
		};
/* End PBXNativeTarget section */

/* Begin PBXProject section */
		DABCB3451625B87500B3070D /* Project object */ = {
			isa = PBXProject;
			attributes = {
				LastUpgradeCheck = 0450;
				ORGANIZATIONNAME = "Felipe Gringo";
			};
			buildConfigurationList = DABCB3481625B87500B3070D /* Build configuration list for PBXProject "ShoppingApp" */;
			compatibilityVersion = "Xcode 3.2";
			developmentRegion = English;
			hasScannedForEncodings = 0;
			knownRegions = (
				en,
			);
			mainGroup = DABCB3431625B87500B3070D;
			productRefGroup = DABCB34F1625B87500B3070D /* Products */;
			projectDirPath = "";
			projectRoot = "";
			targets = (
				DABCB34D1625B87500B3070D /* ShoppingApp */,
			);
		};
/* End PBXProject section */

/* Begin PBXResourcesBuildPhase section */
		DABCB34C1625B87500B3070D /* Resources */ = {
			isa = PBXResourcesBuildPhase;
			buildActionMask = 2147483647;
			files = (
				DABCB35D1625B87500B3070D /* InfoPlist.strings in Resources */,
				DABCB3651625B87500B3070D /* Default.png in Resources */,
				DABCB3671625B87500B3070D /* Default@2x.png in Resources */,
				DABCB3691625B87500B3070D /* Default-568h@2x.png in Resources */,
				DABCB36C1625B87500B3070D /* MainStoryboard.storyboard in Resources */,
			);
			runOnlyForDeploymentPostprocessing = 0;
		};
/* End PBXResourcesBuildPhase section */

/* Begin PBXSourcesBuildPhase section */
		DABCB34A1625B87500B3070D /* Sources */ = {
			isa = PBXSourcesBuildPhase;
			buildActionMask = 2147483647;
			files = (
				DABCB35F1625B87500B3070D /* main.m in Sources */,
				DABCB3631625B87500B3070D /* AppDelegate.m in Sources */,
				DABCB36F1625B87500B3070D /* ViewController.m in Sources */,
			);
			runOnlyForDeploymentPostprocessing = 0;
		};
/* End PBXSourcesBuildPhase section */

/* Begin PBXVariantGroup section */
		DABCB35B1625B87500B3070D /* InfoPlist.strings */ = {
			isa = PBXVariantGroup;
			children = (
				DABCB35C1625B87500B3070D /* en */,
			);
			name = InfoPlist.strings;
			sourceTree = "<group>";
		};
		DABCB36A1625B87500B3070D /* MainStoryboard.storyboard */ = {
			isa = PBXVariantGroup;
			children = (
				DABCB36B1625B87500B3070D /* en */,
			);
			name = MainStoryboard.storyboard;
			sourceTree = "<group>";
		};
/* End PBXVariantGroup section */

/* Begin XCBuildConfiguration section */
		DABCB3701625B87500B3070D /* Debug */ = {
			isa = XCBuildConfiguration;
			buildSettings = {
				ALWAYS_SEARCH_USER_PATHS = NO;
				CLANG_CXX_LANGUAGE_STANDARD = "gnu++0x";
				CLANG_CXX_LIBRARY = "libc++";
				CLANG_ENABLE_OBJC_ARC = YES;
				CLANG_WARN_EMPTY_BODY = YES;
				CLANG_WARN__DUPLICATE_METHOD_MATCH = YES;
				"CODE_SIGN_IDENTITY[sdk=iphoneos*]" = "iPhone Developer";
				COPY_PHASE_STRIP = NO;
				GCC_C_LANGUAGE_STANDARD = gnu99;
				GCC_DYNAMIC_NO_PIC = NO;
				GCC_OPTIMIZATION_LEVEL = 0;
				GCC_PREPROCESSOR_DEFINITIONS = (
					"DEBUG=1",
					"$(inherited)",
				);
				GCC_SYMBOLS_PRIVATE_EXTERN = NO;
				GCC_WARN_ABOUT_RETURN_TYPE = YES;
				GCC_WARN_UNINITIALIZED_AUTOS = YES;
				GCC_WARN_UNUSED_VARIABLE = YES;
				IPHONEOS_DEPLOYMENT_TARGET = 6.0;
				ONLY_ACTIVE_ARCH = YES;
				SDKROOT = iphoneos;
			};
			name = Debug;
		};
		DABCB3711625B87500B3070D /* Release */ = {
			isa = XCBuildConfiguration;
			buildSettings = {
				ALWAYS_SEARCH_USER_PATHS = NO;
				CLANG_CXX_LANGUAGE_STANDARD = "gnu++0x";
				CLANG_CXX_LIBRARY = "libc++";
				CLANG_ENABLE_OBJC_ARC = YES;
				CLANG_WARN_EMPTY_BODY = YES;
				CLANG_WARN__DUPLICATE_METHOD_MATCH = YES;
				"CODE_SIGN_IDENTITY[sdk=iphoneos*]" = "iPhone Developer";
				COPY_PHASE_STRIP = YES;
				GCC_C_LANGUAGE_STANDARD = gnu99;
				GCC_WARN_ABOUT_RETURN_TYPE = YES;
				GCC_WARN_UNINITIALIZED_AUTOS = YES;
				GCC_WARN_UNUSED_VARIABLE = YES;
				IPHONEOS_DEPLOYMENT_TARGET = 6.0;
				OTHER_CFLAGS = "-DNS_BLOCK_ASSERTIONS=1";
				SDKROOT = iphoneos;
				VALIDATE_PRODUCT = YES;
			};
			name = Release;
		};
		DABCB3731625B87500B3070D /* Debug */ = {
			isa = XCBuildConfiguration;
			buildSettings = {
				GCC_PRECOMPILE_PREFIX_HEADER = YES;
				GCC_PREFIX_HEADER = "ShoppingApp/ShoppingApp-Prefix.pch";
				INFOPLIST_FILE = "ShoppingApp/ShoppingApp-Info.plist";
				PRODUCT_NAME = "$(TARGET_NAME)";
				WRAPPER_EXTENSION = app;
			};
			name = Debug;
		};
		DABCB3741625B87500B3070D /* Release */ = {
			isa = XCBuildConfiguration;
			buildSettings = {
				GCC_PRECOMPILE_PREFIX_HEADER = YES;
				GCC_PREFIX_HEADER = "ShoppingApp/ShoppingApp-Prefix.pch";
				INFOPLIST_FILE = "ShoppingApp/ShoppingApp-Info.plist";
				PRODUCT_NAME = "$(TARGET_NAME)";
				WRAPPER_EXTENSION = app;
			};
			name = Release;
		};
/* End XCBuildConfiguration section */

/* Begin XCConfigurationList section */
		DABCB3481625B87500B3070D /* Build configuration list for PBXProject "ShoppingApp" */ = {
			isa = XCConfigurationList;
			buildConfigurations = (
				DABCB3701625B87500B3070D /* Debug */,
				DABCB3711625B87500B3070D /* Release */,
			);
			defaultConfigurationIsVisible = 0;
			defaultConfigurationName = Release;
		};
		DABCB3721625B87500B3070D /* Build configuration list for PBXNativeTarget "ShoppingApp" */ = {
			isa = XCConfigurationList;
			buildConfigurations = (
				DABCB3731625B87500B3070D /* Debug */,
				DABCB3741625B87500B3070D /* Release */,
			);
			defaultConfigurationIsVisible = 0;
		};
/* End XCConfigurationList section */
	};
	rootObject = DABCB3451625B87500B3070D /* Project object */;
}
